# THIS IS AN AUTOGENERATED FILE. DO NOT EDIT THIS FILE DIRECTLY.
# yarn lockfile v1


js-file-download@^0.4.5:
  version "0.4.8"
  resolved "https://registry.yarnpkg.com/js-file-download/-/js-file-download-0.4.8.tgz#f91c532acd685d8b16685672010b99473ca7f606"
  integrity sha512-8xygX/IkjQbr/2nWqJnyc0IWOMvA1R/78HQVyexB22YZDBAEz2MG59s+ieLFKOkDFzyDDk3bezKXEjyGW5HPCw==

prettier@^1.18.2:
  version "1.18.2"
  resolved "https://registry.yarnpkg.com/prettier/-/prettier-1.18.2.tgz#6823e7c5900017b4bd3acf46fe9ac4b4d7bda9ea"
  integrity sha512-OeHeMc0JhFE9idD4ZdtNibzY0+TPHSpSSb9h8FqtP+YnoZZ1sl8Vc9b1sasjfymH3SonAF4QcA2+mzHPhMvIiw==

yarn@^1.16.0:
  version "1.19.0"
  resolved "https://registry.yarnpkg.com/yarn/-/yarn-1.19.0.tgz#e4fb83762849a9545f95eb077fd0905f7ddae2f0"
  integrity sha512-QLiMoj+ZHo2kT17x1t7erO6gzR+9xSa5z7Lmei1qYM1Sj37wiIFv67kQcH+nkshsO0f03ImXClfkEKUgnsMreQ==
